<?xml version="1.0" encoding="utf-8"?>
<Project ToolsVersion="4.0" xmlns="http://schemas.microsoft.com/developer/msbuild/2003">
  <ItemGroup>
    <Filter Include="bin">
      <UniqueIdentifier>{8f7448c2-9eae-4502-a3da-63f11c02cc9e}</UniqueIdentifier>
    </Filter>
    <Filter Include="clib">
      <UniqueIdentifier>{36e1b166-bd7c-4ba3-adae-e5aa15e5208b}</UniqueIdentifier>
    </Filter>
    <Filter Include="common">
      <UniqueIdentifier>{9cbdcdf2-c242-40ae-aa6b-8cc6f6119bb0}</UniqueIdentifier>
    </Filter>
    <Filter Include="compiler">
      <UniqueIdentifier>{3859521a-7bc2-4d56-8e74-a9fb8b6ec1a6}</UniqueIdentifier>
    </Filter>
    <Filter Include="test">
      <UniqueIdentifier>{503d8a05-eb95-4395-89f2-60e267737e70}</UniqueIdentifier>
    </Filter>
    <Filter Include="vm">
      <UniqueIdentifier>{e751dcae-e249-48be-b284-ae1f10bae6fb}</UniqueIdentifier>
    </Filter>
  </ItemGroup>
  <ItemGroup>
    <Text Include="bin\TODO.txt">
      <Filter>bin</Filter>
    </Text>
  </ItemGroup>
  <ItemGroup>
    <ClCompile Include="main.c" />
  </ItemGroup>
</Project>